// !$*UTF8*$!
{
	archiveVersion = 1;
	classes = {
	};
	objectVersion = 46;
	objects = {

/* Begin PBXBuildFile section */
		5BA8EA791DF071C900729624 /* main.m in Sources */ = {isa = PBXBuildFile; fileRef = 5BA8EA781DF071C900729624 /* main.m */; };
		5BA8EA7C1DF071C900729624 /* AppDelegate.m in Sources */ = {isa = PBXBuildFile; fileRef = 5BA8EA7B1DF071C900729624 /* AppDelegate.m */; };
		5BA8EA821DF071C900729624 /* Main.storyboard in Resources */ = {isa = PBXBuildFile; fileRef = 5BA8EA801DF071C900729624 /* Main.storyboard */; };
		5BA8EA841DF071C900729624 /* Assets.xcassets in Resources */ = {isa = PBXBuildFile; fileRef = 5BA8EA831DF071C900729624 /* Assets.xcassets */; };
		5BA8EA871DF071C900729624 /* LaunchScreen.storyboard in Resources */ = {isa = PBXBuildFile; fileRef = 5BA8EA851DF071C900729624 /* LaunchScreen.storyboard */; };
		5BA8EAA31DF0745000729624 /* .gitkeep in Resources */ = {isa = PBXBuildFile; fileRef = 5BA8EA911DF0745000729624 /* .gitkeep */; };
		5BA8EAA51DF0745000729624 /* CCBaseNavController.m in Sources */ = {isa = PBXBuildFile; fileRef = 5BA8EA971DF0745000729624 /* CCBaseNavController.m */; };
		5BA8EAA71DF0745000729624 /* HBTableBarController.m in Sources */ = {isa = PBXBuildFile; fileRef = 5BA8EA9B1DF0745000729624 /* HBTableBarController.m */; };
		5BA8EAB41DF074F700729624 /* .gitkeep in Resources */ = {isa = PBXBuildFile; fileRef = 5BA8EAAC1DF074F700729624 /* .gitkeep */; };
		5BA8EAB51DF074F700729624 /* .gitkeep in Resources */ = {isa = PBXBuildFile; fileRef = 5BA8EAAE1DF074F700729624 /* .gitkeep */; };
		5BA8EAB61DF074F700729624 /* WelcomCell.m in Sources */ = {isa = PBXBuildFile; fileRef = 5BA8EAB11DF074F700729624 /* WelcomCell.m */; };
		5BA8EAB71DF074F700729624 /* WecomeAnimation.m in Sources */ = {isa = PBXBuildFile; fileRef = 5BA8EAB31DF074F700729624 /* WecomeAnimation.m */; };
		5BA8EABF1DF075DD00729624 /* CCObjecgCacheAry.m in Sources */ = {isa = PBXBuildFile; fileRef = 5BA8EABA1DF075DD00729624 /* CCObjecgCacheAry.m */; };
		5BA8EAC01DF075DD00729624 /* CCReuseTestTableController.m in Sources */ = {isa = PBXBuildFile; fileRef = 5BA8EABC1DF075DD00729624 /* CCReuseTestTableController.m */; };
		5BA8EAC11DF075DD00729624 /* ZDYTableViewCell.m in Sources */ = {isa = PBXBuildFile; fileRef = 5BA8EABE1DF075DD00729624 /* ZDYTableViewCell.m */; };
		5BA8EAC61DF0766800729624 /* ClassFactory.m in Sources */ = {isa = PBXBuildFile; fileRef = 5BA8EAC41DF0766800729624 /* ClassFactory.m */; };
		5BA8EACD1DF07C8700729624 /* UIView+UIframe.m in Sources */ = {isa = PBXBuildFile; fileRef = 5BA8EACC1DF07C8700729624 /* UIView+UIframe.m */; };
		5BA8EAD11DF07DD800729624 /* ClassFactory.plist in Resources */ = {isa = PBXBuildFile; fileRef = 5BA8EAD01DF07DD800729624 /* ClassFactory.plist */; };
/* End PBXBuildFile section */

/* Begin PBXFileReference section */
		5BA8EA741DF071C900729624 /* protocol_class_remote_control_test.app */ = {isa = PBXFileReference; explicitFileType = wrapper.application; includeInIndex = 0; path = protocol_class_remote_control_test.app; sourceTree = BUILT_PRODUCTS_DIR; };
		5BA8EA781DF071C900729624 /* main.m */ = {isa = PBXFileReference; lastKnownFileType = sourcecode.c.objc; path = main.m; sourceTree = "<group>"; };
		5BA8EA7A1DF071C900729624 /* AppDelegate.h */ = {isa = PBXFileReference; lastKnownFileType = sourcecode.c.h; path = AppDelegate.h; sourceTree = "<group>"; };
		5BA8EA7B1DF071C900729624 /* AppDelegate.m */ = {isa = PBXFileReference; lastKnownFileType = sourcecode.c.objc; path = AppDelegate.m; sourceTree = "<group>"; };
		5BA8EA811DF071C900729624 /* Base */ = {isa = PBXFileReference; lastKnownFileType = file.storyboard; name = Base; path = Base.lproj/Main.storyboard; sourceTree = "<group>"; };
		5BA8EA831DF071C900729624 /* Assets.xcassets */ = {isa = PBXFileReference; lastKnownFileType = folder.assetcatalog; path = Assets.xcassets; sourceTree = "<group>"; };
		5BA8EA861DF071C900729624 /* Base */ = {isa = PBXFileReference; lastKnownFileType = file.storyboard; name = Base; path = Base.lproj/LaunchScreen.storyboard; sourceTree = "<group>"; };
		5BA8EA881DF071C900729624 /* Info.plist */ = {isa = PBXFileReference; lastKnownFileType = text.plist.xml; path = Info.plist; sourceTree = "<group>"; };
		5BA8EA911DF0745000729624 /* .gitkeep */ = {isa = PBXFileReference; fileEncoding = 4; lastKnownFileType = text; path = .gitkeep; sourceTree = "<group>"; };
		5BA8EA961DF0745000729624 /* CCBaseNavController.h */ = {isa = PBXFileReference; fileEncoding = 4; lastKnownFileType = sourcecode.c.h; path = CCBaseNavController.h; sourceTree = "<group>"; };
		5BA8EA971DF0745000729624 /* CCBaseNavController.m */ = {isa = PBXFileReference; fileEncoding = 4; lastKnownFileType = sourcecode.c.objc; path = CCBaseNavController.m; sourceTree = "<group>"; };
		5BA8EA9A1DF0745000729624 /* HBTableBarController.h */ = {isa = PBXFileReference; fileEncoding = 4; lastKnownFileType = sourcecode.c.h; path = HBTableBarController.h; sourceTree = "<group>"; };
		5BA8EA9B1DF0745000729624 /* HBTableBarController.m */ = {isa = PBXFileReference; fileEncoding = 4; lastKnownFileType = sourcecode.c.objc; path = HBTableBarController.m; sourceTree = "<group>"; };
		5BA8EAAC1DF074F700729624 /* .gitkeep */ = {isa = PBXFileReference; fileEncoding = 4; lastKnownFileType = text; path = .gitkeep; sourceTree = "<group>"; };
		5BA8EAAE1DF074F700729624 /* .gitkeep */ = {isa = PBXFileReference; fileEncoding = 4; lastKnownFileType = text; path = .gitkeep; sourceTree = "<group>"; };
		5BA8EAB01DF074F700729624 /* WelcomCell.h */ = {isa = PBXFileReference; fileEncoding = 4; lastKnownFileType = sourcecode.c.h; path = WelcomCell.h; sourceTree = "<group>"; };
		5BA8EAB11DF074F700729624 /* WelcomCell.m */ = {isa = PBXFileReference; fileEncoding = 4; lastKnownFileType = sourcecode.c.objc; path = WelcomCell.m; sourceTree = "<group>"; };
		5BA8EAB21DF074F700729624 /* WecomeAnimation.h */ = {isa = PBXFileReference; fileEncoding = 4; lastKnownFileType = sourcecode.c.h; path = WecomeAnimation.h; sourceTree = "<group>"; };
		5BA8EAB31DF074F700729624 /* WecomeAnimation.m */ = {isa = PBXFileReference; fileEncoding = 4; lastKnownFileType = sourcecode.c.objc; path = WecomeAnimation.m; sourceTree = "<group>"; };
		5BA8EAB91DF075DD00729624 /* CCObjecgCacheAry.h */ = {isa = PBXFileReference; fileEncoding = 4; lastKnownFileType = sourcecode.c.h; path = CCObjecgCacheAry.h; sourceTree = "<group>"; };
		5BA8EABA1DF075DD00729624 /* CCObjecgCacheAry.m */ = {isa = PBXFileReference; fileEncoding = 4; lastKnownFileType = sourcecode.c.objc; path = CCObjecgCacheAry.m; sourceTree = "<group>"; };
		5BA8EABB1DF075DD00729624 /* CCReuseTestTableController.h */ = {isa = PBXFileReference; fileEncoding = 4; lastKnownFileType = sourcecode.c.h; path = CCReuseTestTableController.h; sourceTree = "<group>"; };
		5BA8EABC1DF075DD00729624 /* CCReuseTestTableController.m */ = {isa = PBXFileReference; fileEncoding = 4; lastKnownFileType = sourcecode.c.objc; path = CCReuseTestTableController.m; sourceTree = "<group>"; };
		5BA8EABD1DF075DD00729624 /* ZDYTableViewCell.h */ = {isa = PBXFileReference; fileEncoding = 4; lastKnownFileType = sourcecode.c.h; path = ZDYTableViewCell.h; sourceTree = "<group>"; };
		5BA8EABE1DF075DD00729624 /* ZDYTableViewCell.m */ = {isa = PBXFileReference; fileEncoding = 4; lastKnownFileType = sourcecode.c.objc; path = ZDYTableViewCell.m; sourceTree = "<group>"; };
		5BA8EAC31DF0766800729624 /* ClassFactory.h */ = {isa = PBXFileReference; fileEncoding = 4; lastKnownFileType = sourcecode.c.h; path = ClassFactory.h; sourceTree = "<group>"; };
		5BA8EAC41DF0766800729624 /* ClassFactory.m */ = {isa = PBXFileReference; fileEncoding = 4; lastKnownFileType = sourcecode.c.objc; path = ClassFactory.m; sourceTree = "<group>"; };
		5BA8EAC51DF0766800729624 /* classProtocol.h */ = {isa = PBXFileReference; fileEncoding = 4; lastKnownFileType = sourcecode.c.h; path = classProtocol.h; sourceTree = "<group>"; };
		5BA8EACB1DF07C8700729624 /* UIView+UIframe.h */ = {isa = PBXFileReference; fileEncoding = 4; lastKnownFileType = sourcecode.c.h; path = "UIView+UIframe.h"; sourceTree = "<group>"; };
		5BA8EACC1DF07C8700729624 /* UIView+UIframe.m */ = {isa = PBXFileReference; fileEncoding = 4; lastKnownFileType = sourcecode.c.objc; path = "UIView+UIframe.m"; sourceTree = "<group>"; };
		5BA8EAD01DF07DD800729624 /* ClassFactory.plist */ = {isa = PBXFileReference; fileEncoding = 4; lastKnownFileType = text.plist.xml; path = ClassFactory.plist; sourceTree = "<group>"; };
		5BA8EAD31DF0839900729624 /* WecomeAnimationProtocol.h */ = {isa = PBXFileReference; fileEncoding = 4; lastKnownFileType = sourcecode.c.h; path = WecomeAnimationProtocol.h; sourceTree = "<group>"; };
/* End PBXFileReference section */

/* Begin PBXFrameworksBuildPhase section */
		5BA8EA711DF071C900729624 /* Frameworks */ = {
			isa = PBXFrameworksBuildPhase;
			buildActionMask = 2147483647;
			files = (
			);
			runOnlyForDeploymentPostprocessing = 0;
		};
/* End PBXFrameworksBuildPhase section */

/* Begin PBXGroup section */
		5BA8EA6B1DF071C900729624 = {
			isa = PBXGroup;
			children = (
				5BA8EA761DF071C900729624 /* protocol_class_remote_control_test */,
				5BA8EA751DF071C900729624 /* Products */,
			);
			sourceTree = "<group>";
		};
		5BA8EA751DF071C900729624 /* Products */ = {
			isa = PBXGroup;
			children = (
				5BA8EA741DF071C900729624 /* protocol_class_remote_control_test.app */,
			);
			name = Products;
			sourceTree = "<group>";
		};
		5BA8EA761DF071C900729624 /* protocol_class_remote_control_test */ = {
			isa = PBXGroup;
			children = (
				5BA8EA7A1DF071C900729624 /* AppDelegate.h */,
				5BA8EA7B1DF071C900729624 /* AppDelegate.m */,
				5BA8EACB1DF07C8700729624 /* UIView+UIframe.h */,
				5BA8EACC1DF07C8700729624 /* UIView+UIframe.m */,
				5BA8EAB81DF075DD00729624 /* reuseController */,
				5BA8EAAB1DF074F700729624 /* Welcome */,
				5BA8EA901DF0745000729624 /* Main */,
				5BA8EA801DF071C900729624 /* Main.storyboard */,
				5BA8EA831DF071C900729624 /* Assets.xcassets */,
				5BA8EA851DF071C900729624 /* LaunchScreen.storyboard */,
				5BA8EA881DF071C900729624 /* Info.plist */,
				5BA8EAD01DF07DD800729624 /* ClassFactory.plist */,
				5BA8EAC21DF0763200729624 /* ClassFactory */,
				5BA8EA771DF071C900729624 /* Supporting Files */,
			);
			path = protocol_class_remote_control_test;
			sourceTree = "<group>";
		};
		5BA8EA771DF071C900729624 /* Supporting Files */ = {
			isa = PBXGroup;
			children = (
				5BA8EA781DF071C900729624 /* main.m */,
			);
			name = "Supporting Files";
			sourceTree = "<group>";
		};
		5BA8EA901DF0745000729624 /* Main */ = {
			isa = PBXGroup;
			children = (
				5BA8EA911DF0745000729624 /* .gitkeep */,
				5BA8EA961DF0745000729624 /* CCBaseNavController.h */,
				5BA8EA971DF0745000729624 /* CCBaseNavController.m */,
				5BA8EA9A1DF0745000729624 /* HBTableBarController.h */,
				5BA8EA9B1DF0745000729624 /* HBTableBarController.m */,
			);
			path = Main;
			sourceTree = "<group>";
		};
		5BA8EAAB1DF074F700729624 /* Welcome */ = {
			isa = PBXGroup;
			children = (
				5BA8EAAC1DF074F700729624 /* .gitkeep */,
				5BA8EAAD1DF074F700729624 /* Model */,
				5BA8EAAF1DF074F700729624 /* View */,
				5BA8EAB21DF074F700729624 /* WecomeAnimation.h */,
				5BA8EAB31DF074F700729624 /* WecomeAnimation.m */,
			);
			path = Welcome;
			sourceTree = "<group>";
		};
		5BA8EAAD1DF074F700729624 /* Model */ = {
			isa = PBXGroup;
			children = (
				5BA8EAAE1DF074F700729624 /* .gitkeep */,
			);
			path = Model;
			sourceTree = "<group>";
		};
		5BA8EAAF1DF074F700729624 /* View */ = {
			isa = PBXGroup;
			children = (
				5BA8EAB01DF074F700729624 /* WelcomCell.h */,
				5BA8EAB11DF074F700729624 /* WelcomCell.m */,
			);
			path = View;
			sourceTree = "<group>";
		};
		5BA8EAB81DF075DD00729624 /* reuseController */ = {
			isa = PBXGroup;
			children = (
				5BA8EAB91DF075DD00729624 /* CCObjecgCacheAry.h */,
				5BA8EABA1DF075DD00729624 /* CCObjecgCacheAry.m */,
				5BA8EABB1DF075DD00729624 /* CCReuseTestTableController.h */,
				5BA8EABC1DF075DD00729624 /* CCReuseTestTableController.m */,
				5BA8EABD1DF075DD00729624 /* ZDYTableViewCell.h */,
				5BA8EABE1DF075DD00729624 /* ZDYTableViewCell.m */,
			);
			path = reuseController;
			sourceTree = "<group>";
		};
		5BA8EAC21DF0763200729624 /* ClassFactory */ = {
			isa = PBXGroup;
			children = (
				5BA8EAC31DF0766800729624 /* ClassFactory.h */,
				5BA8EAC41DF0766800729624 /* ClassFactory.m */,
				5BA8EAC51DF0766800729624 /* classProtocol.h */,
				5BA8EAD31DF0839900729624 /* WecomeAnimationProtocol.h */,
			);
			path = ClassFactory;
			sourceTree = "<group>";
		};
/* End PBXGroup section */

/* Begin PBXNativeTarget section */
		5BA8EA731DF071C900729624 /* protocol_class_remote_control_test */ = {
			isa = PBXNativeTarget;
			buildConfigurationList = 5BA8EA8B1DF071C900729624 /* Build configuration list for PBXNativeTarget "protocol_class_remote_control_test" */;
			buildPhases = (
				5BA8EA701DF071C900729624 /* Sources */,
				5BA8EA711DF071C900729624 /* Frameworks */,
				5BA8EA721DF071C900729624 /* Resources */,
			);
			buildRules = (
			);
			dependencies = (
			);
			name = protocol_class_remote_control_test;
			productName = protocol_class_remote_control_test;
			productReference = 5BA8EA741DF071C900729624 /* protocol_class_remote_control_test.app */;
			productType = "com.apple.product-type.application";
		};
/* End PBXNativeTarget section */

/* Begin PBXProject section */
		5BA8EA6C1DF071C900729624 /* Project object */ = {
			isa = PBXProject;
			attributes = {
				LastUpgradeCheck = 0810;
				ORGANIZATIONNAME = hebing;
				TargetAttributes = {
					5BA8EA731DF071C900729624 = {
						CreatedOnToolsVersion = 8.0;
						ProvisioningStyle = Automatic;
					};
				};
			};
			buildConfigurationList = 5BA8EA6F1DF071C900729624 /* Build configuration list for PBXProject "protocol_class_remote_control_test" */;
			compatibilityVersion = "Xcode 3.2";
			developmentRegion = English;
			hasScannedForEncodings = 0;
			knownRegions = (
				en,
				Base,
			);
			mainGroup = 5BA8EA6B1DF071C900729624;
			productRefGroup = 5BA8EA751DF071C900729624 /* Products */;
			projectDirPath = "";
			projectRoot = "";
			targets = (
				5BA8EA731DF071C900729624 /* protocol_class_remote_control_test */,
			);
		};
/* End PBXProject section */

/* Begin PBXResourcesBuildPhase section */
		5BA8EA721DF071C900729624 /* Resources */ = {
			isa = PBXResourcesBuildPhase;
			buildActionMask = 2147483647;
			files = (
				5BA8EA871DF071C900729624 /* LaunchScreen.storyboard in Resources */,
				5BA8EA841DF071C900729624 /* Assets.xcassets in Resources */,
				5BA8EAD11DF07DD800729624 /* ClassFactory.plist in Resources */,
				5BA8EAA31DF0745000729624 /* .gitkeep in Resources */,
				5BA8EAB41DF074F700729624 /* .gitkeep in Resources */,
				5BA8EA821DF071C900729624 /* Main.storyboard in Resources */,
				5BA8EAB51DF074F700729624 /* .gitkeep in Resources */,
			);
			runOnlyForDeploymentPostprocessing = 0;
		};
/* End PBXResourcesBuildPhase section */

/* Begin PBXSourcesBuildPhase section */
		5BA8EA701DF071C900729624 /* Sources */ = {
			isa = PBXSourcesBuildPhase;
			buildActionMask = 2147483647;
			files = (
				5BA8EAC61DF0766800729624 /* ClassFactory.m in Sources */,
				5BA8EAB61DF074F700729624 /* WelcomCell.m in Sources */,
				5BA8EAA71DF0745000729624 /* HBTableBarController.m in Sources */,
				5BA8EABF1DF075DD00729624 /* CCObjecgCacheAry.m in Sources */,
				5BA8EAA51DF0745000729624 /* CCBaseNavController.m in Sources */,
				5BA8EACD1DF07C8700729624 /* UIView+UIframe.m in Sources */,
				5BA8EAC11DF075DD00729624 /* ZDYTableViewCell.m in Sources */,
				5BA8EA7C1DF071C900729624 /* AppDelegate.m in Sources */,
				5BA8EAC01DF075DD00729624 /* CCReuseTestTableController.m in Sources */,
				5BA8EAB71DF074F700729624 /* WecomeAnimation.m in Sources */,
				5BA8EA791DF071C900729624 /* main.m in Sources */,
			);
			runOnlyForDeploymentPostprocessing = 0;
		};
/* End PBXSourcesBuildPhase section */

/* Begin PBXVariantGroup section */
		5BA8EA801DF071C900729624 /* Main.storyboard */ = {
			isa = PBXVariantGroup;
			children = (
				5BA8EA811DF071C900729624 /* Base */,
			);
			name = Main.storyboard;
			sourceTree = "<group>";
		};
		5BA8EA851DF071C900729624 /* LaunchScreen.storyboard */ = {
			isa = PBXVariantGroup;
			children = (
				5BA8EA861DF071C900729624 /* Base */,
			);
			name = LaunchScreen.storyboard;
			sourceTree = "<group>";
		};
/* End PBXVariantGroup section */

/* Begin XCBuildConfiguration section */
		5BA8EA891DF071C900729624 /* Debug */ = {
			isa = XCBuildConfiguration;
			buildSettings = {
				ALWAYS_SEARCH_USER_PATHS = NO;
				CLANG_ANALYZER_NONNULL = YES;
				CLANG_CXX_LANGUAGE_STANDARD = "gnu++0x";
				CLANG_CXX_LIBRARY = "libc++";
				CLANG_ENABLE_MODULES = YES;
				CLANG_ENABLE_OBJC_ARC = YES;
				CLANG_WARN_BOOL_CONVERSION = YES;
				CLANG_WARN_CONSTANT_CONVERSION = YES;
				CLANG_WARN_DIRECT_OBJC_ISA_USAGE = YES_ERROR;
				CLANG_WARN_DOCUMENTATION_COMMENTS = YES;
				CLANG_WARN_EMPTY_BODY = YES;
				CLANG_WARN_ENUM_CONVERSION = YES;
				CLANG_WARN_INFINITE_RECURSION = YES;
				CLANG_WARN_INT_CONVERSION = YES;
				CLANG_WARN_OBJC_ROOT_CLASS = YES_ERROR;
				CLANG_WARN_SUSPICIOUS_MOVE = YES;
				CLANG_WARN_SUSPICIOUS_MOVES = YES;
				CLANG_WARN_UNREACHABLE_CODE = YES;
				CLANG_WARN__DUPLICATE_METHOD_MATCH = YES;
				"CODE_SIGN_IDENTITY[sdk=iphoneos*]" = "iPhone Developer";
				COPY_PHASE_STRIP = NO;
				DEBUG_INFORMATION_FORMAT = dwarf;
				ENABLE_STRICT_OBJC_MSGSEND = YES;
				ENABLE_TESTABILITY = YES;
				GCC_C_LANGUAGE_STANDARD = gnu99;
				GCC_DYNAMIC_NO_PIC = NO;
				GCC_NO_COMMON_BLOCKS = YES;
				GCC_OPTIMIZATION_LEVEL = 0;
				GCC_PREPROCESSOR_DEFINITIONS = (
					"DEBUG=1",
					"$(inherited)",
				);
				GCC_WARN_64_TO_32_BIT_CONVERSION = YES;
				GCC_WARN_ABOUT_RETURN_TYPE = YES_ERROR;
				GCC_WARN_UNDECLARED_SELECTOR = YES;
				GCC_WARN_UNINITIALIZED_AUTOS = YES_AGGRESSIVE;
				GCC_WARN_UNUSED_FUNCTION = YES;
				GCC_WARN_UNUSED_VARIABLE = YES;
				IPHONEOS_DEPLOYMENT_TARGET = 10.0;
				MTL_ENABLE_DEBUG_INFO = YES;
				ONLY_ACTIVE_ARCH = YES;
				SDKROOT = iphoneos;
			};
			name = Debug;
		};
		5BA8EA8A1DF071C900729624 /* Release */ = {
			isa = XCBuildConfiguration;
			buildSettings = {
				ALWAYS_SEARCH_USER_PATHS = NO;
				CLANG_ANALYZER_NONNULL = YES;
				CLANG_CXX_LANGUAGE_STANDARD = "gnu++0x";
				CLANG_CXX_LIBRARY = "libc++";
				CLANG_ENABLE_MODULES = YES;
				CLANG_ENABLE_OBJC_ARC = YES;
				CLANG_WARN_BOOL_CONVERSION = YES;
				CLANG_WARN_CONSTANT_CONVERSION = YES;
				CLANG_WARN_DIRECT_OBJC_ISA_USAGE = YES_ERROR;
				CLANG_WARN_DOCUMENTATION_COMMENTS = YES;
				CLANG_WARN_EMPTY_BODY = YES;
				CLANG_WARN_ENUM_CONVERSION = YES;
				CLANG_WARN_INFINITE_RECURSION = YES;
				CLANG_WARN_INT_CONVERSION = YES;
				CLANG_WARN_OBJC_ROOT_CLASS = YES_ERROR;
				CLANG_WARN_SUSPICIOUS_MOVE = YES;
				CLANG_WARN_SUSPICIOUS_MOVES = YES;
				CLANG_WARN_UNREACHABLE_CODE = YES;
				CLANG_WARN__DUPLICATE_METHOD_MATCH = YES;
				"CODE_SIGN_IDENTITY[sdk=iphoneos*]" = "iPhone Developer";
				COPY_PHASE_STRIP = NO;
				DEBUG_INFORMATION_FORMAT = "dwarf-with-dsym";
				ENABLE_NS_ASSERTIONS = NO;
				ENABLE_STRICT_OBJC_MSGSEND = YES;
				GCC_C_LANGUAGE_STANDARD = gnu99;
				GCC_NO_COMMON_BLOCKS = YES;
				GCC_WARN_64_TO_32_BIT_CONVERSION = YES;
				GCC_WARN_ABOUT_RETURN_TYPE = YES_ERROR;
				GCC_WARN_UNDECLARED_SELECTOR = YES;
				GCC_WARN_UNINITIALIZED_AUTOS = YES_AGGRESSIVE;
				GCC_WARN_UNUSED_FUNCTION = YES;
				GCC_WARN_UNUSED_VARIABLE = YES;
				IPHONEOS_DEPLOYMENT_TARGET = 10.0;
				MTL_ENABLE_DEBUG_INFO = NO;
				SDKROOT = iphoneos;
				VALIDATE_PRODUCT = YES;
			};
			name = Release;
		};
		5BA8EA8C1DF071C900729624 /* Debug */ = {
			isa = XCBuildConfiguration;
			buildSettings = {
				ASSETCATALOG_COMPILER_APPICON_NAME = AppIcon;
				INFOPLIST_FILE = protocol_class_remote_control_test/Info.plist;
				LD_RUNPATH_SEARCH_PATHS = "$(inherited) @executable_path/Frameworks";
				PRODUCT_BUNDLE_IDENTIFIER = "dd.protocol-class-remote-control-test";
				PRODUCT_NAME = "$(TARGET_NAME)";
			};
			name = Debug;
		};
		5BA8EA8D1DF071C900729624 /* Release */ = {
			isa = XCBuildConfiguration;
			buildSettings = {
				ASSETCATALOG_COMPILER_APPICON_NAME = AppIcon;
				INFOPLIST_FILE = protocol_class_remote_control_test/Info.plist;
				LD_RUNPATH_SEARCH_PATHS = "$(inherited) @executable_path/Frameworks";
				PRODUCT_BUNDLE_IDENTIFIER = "dd.protocol-class-remote-control-test";
				PRODUCT_NAME = "$(TARGET_NAME)";
			};
			name = Release;
		};
/* End XCBuildConfiguration section */

/* Begin XCConfigurationList section */
		5BA8EA6F1DF071C900729624 /* Build configuration list for PBXProject "protocol_class_remote_control_test" */ = {
			isa = XCConfigurationList;
			buildConfigurations = (
				5BA8EA891DF071C900729624 /* Debug */,
				5BA8EA8A1DF071C900729624 /* Release */,
			);
			defaultConfigurationIsVisible = 0;
			defaultConfigurationName = Release;
		};
		5BA8EA8B1DF071C900729624 /* Build configuration list for PBXNativeTarget "protocol_class_remote_control_test" */ = {
			isa = XCConfigurationList;
			buildConfigurations = (
				5BA8EA8C1DF071C900729624 /* Debug */,
				5BA8EA8D1DF071C900729624 /* Release */,
			);
			defaultConfigurationIsVisible = 0;
			defaultConfigurationName = Release;
		};
/* End XCConfigurationList section */
	};
	rootObject = 5BA8EA6C1DF071C900729624 /* Project object */;
}
